
Microsoft Visual Studio Solution File, Format Version 12.00
# Visual Studio Version 17
VisualStudioVersion = 17.0.32112.339
MinimumVisualStudioVersion = 10.0.40219.1
Project("{9A19103F-16F7-4668-BE54-9A1E7A4F7556}") = "Yahaha.Application", "Yahaha.Application\Yahaha.Application.csproj", "{C3F5AEC5-ACEE-4109-94E3-3F981DC18268}"
EndProject
Project("{9A19103F-16F7-4668-BE54-9A1E7A4F7556}") = "Yahaha.Core", "Yahaha.Core\Yahaha.Core.csproj", "{3AD1A3ED-ED11-479D-BE32-6589D98A9ADC}"
EndProject
Project("{9A19103F-16F7-4668-BE54-9A1E7A4F7556}") = "Yahaha.Web.Core", "Yahaha.Web.Core\Yahaha.Web.Core.csproj", "{8A42A864-A69E-40F7-975E-F2FA36E7DFEE}"
EndProject
Project("{9A19103F-16F7-4668-BE54-9A1E7A4F7556}") = "Yahaha.Web.Entry", "Yahaha.Web.Entry\Yahaha.Web.Entry.csproj", "{11EA630B-4600-4236-A117-CE6C6CD67586}"
EndProject
Project("{2150E333-8FDC-42A3-9474-1A3956D46DE8}") = "Solution Items", "Solution Items", "{662E0B8E-F23E-4C7D-80BD-CAA5707503CC}"
	ProjectSection(SolutionItems) = preProject
		.editorconfig = .editorconfig
	EndProjectSection
EndProject
Project("{2150E333-8FDC-42A3-9474-1A3956D46DE8}") = "Plugins", "Plugins", "{76F70D22-8D53-468E-A3B6-1704666A1D71}"
EndProject
Project("{9A19103F-16F7-4668-BE54-9A1E7A4F7556}") = "Admin.NET.Plugin.GoView", "Plugins\Admin.NET.Plugin.GoView\Admin.NET.Plugin.GoView.csproj", "{C4A288D5-0FAA-4F43-9072-B97635D7871D}"
EndProject
Project("{9A19103F-16F7-4668-BE54-9A1E7A4F7556}") = "Admin.NET.Plugin.Elsa", "Plugins\Admin.NET.Plugin.Elsa\Admin.NET.Plugin.Elsa.csproj", "{48EFC3A6-BDC0-4D05-819A-B1FB927FA4C8}"
EndProject
Project("{9A19103F-16F7-4668-BE54-9A1E7A4F7556}") = "UT.MES", "UT.MES\UT.MES.csproj", "{8F389A91-F26C-4868-859C-C0A58293123C}"
EndProject
Project("{9A19103F-16F7-4668-BE54-9A1E7A4F7556}") = "UT.U9", "UT.U9\UT.U9.csproj", "{074B84A9-A103-4111-AACD-EFEB7900D6D2}"
EndProject
Project("{9A19103F-16F7-4668-BE54-9A1E7A4F7556}") = "UT.TPlus", "Plugins\UT.TPlus\UT.TPlus.csproj", "{D3EED75B-DAC6-4939-922D-7AD10EF57B24}"
EndProject
Project("{9A19103F-16F7-4668-BE54-9A1E7A4F7556}") = "Yahaha.Plugin.CommonTool", "Yahaha.Plugin.Tools\Yahaha.Plugin.CommonTool.csproj", "{E593D360-1DA0-4559-8A22-AD2A3B4D3E77}"
EndProject
Project("{9A19103F-16F7-4668-BE54-9A1E7A4F7556}") = "Yahaha.WMS", "Yahaha.WMS\Yahaha.WMS.csproj", "{8E7BAFE6-C5B7-4766-9B8F-D02FE892E5D6}"
EndProject
Project("{9A19103F-16F7-4668-BE54-9A1E7A4F7556}") = "UT.APS", "UT.APS\UT.APS.csproj", "{2C6E7C4E-937F-4E25-92E6-E6FEB1D4B82C}"
EndProject
Project("{2150E333-8FDC-42A3-9474-1A3956D46DE8}") = "Base", "Base", "{90F9ED4A-DB53-4B26-AC5C-A55E78918499}"
EndProject
Project("{9A19103F-16F7-4668-BE54-9A1E7A4F7556}") = "Furion", "Base\Furion\Furion.csproj", "{E606B279-7FAC-4992-8949-047DFF700D0A}"
EndProject
Project("{9A19103F-16F7-4668-BE54-9A1E7A4F7556}") = "Furion.Pure", "Base\Furion.Pure\Furion.Pure.csproj", "{6E02D24E-FD76-44FD-B098-EC943EF268DA}"
EndProject
Project("{9A19103F-16F7-4668-BE54-9A1E7A4F7556}") = "Furion.Extras.Authentication.JwtBearer", "Base\Furion.Extras.Authentication.JwtBearer\Furion.Extras.Authentication.JwtBearer.csproj", "{9B2E0C16-4A5A-4565-BACD-A4FE7B857D8E}"
EndProject
Project("{9A19103F-16F7-4668-BE54-9A1E7A4F7556}") = "Furion.Extras.ObjectMapper.Mapster", "Base\Furion.Extras.ObjectMapper.Mapster\Furion.Extras.ObjectMapper.Mapster.csproj", "{75DB4B4C-2EA6-4561-A6BD-9BF95A92AF76}"
EndProject
Project("{2150E333-8FDC-42A3-9474-1A3956D46DE8}") = "IMS", "IMS", "{79483F31-6F41-4401-911A-4729086C71C3}"
EndProject
Project("{9A19103F-16F7-4668-BE54-9A1E7A4F7556}") = "IMS.Basic", "IMS\IMS.Basic\IMS.Basic.csproj", "{5A34CEC6-5E5C-4B18-8593-7B2B0C4621EB}"
EndProject
Project("{FAE04EC0-301F-11D3-BF4B-00C04F79EFBC}") = "IMS.Manufacturing", "IMS.Manufacturing\IMS.Manufacturing.csproj", "{D3F9C5E1-E1AA-4076-B4FE-6C5329FF0A49}"
EndProject
Global
	GlobalSection(SolutionConfigurationPlatforms) = preSolution
		Debug|Any CPU = Debug|Any CPU
		Release|Any CPU = Release|Any CPU
	EndGlobalSection
	GlobalSection(ProjectConfigurationPlatforms) = postSolution
		{C3F5AEC5-ACEE-4109-94E3-3F981DC18268}.Debug|Any CPU.ActiveCfg = Debug|Any CPU
		{C3F5AEC5-ACEE-4109-94E3-3F981DC18268}.Debug|Any CPU.Build.0 = Debug|Any CPU
		{C3F5AEC5-ACEE-4109-94E3-3F981DC18268}.Release|Any CPU.ActiveCfg = Release|Any CPU
		{C3F5AEC5-ACEE-4109-94E3-3F981DC18268}.Release|Any CPU.Build.0 = Release|Any CPU
		{3AD1A3ED-ED11-479D-BE32-6589D98A9ADC}.Debug|Any CPU.ActiveCfg = Debug|Any CPU
		{3AD1A3ED-ED11-479D-BE32-6589D98A9ADC}.Debug|Any CPU.Build.0 = Debug|Any CPU
		{3AD1A3ED-ED11-479D-BE32-6589D98A9ADC}.Release|Any CPU.ActiveCfg = Release|Any CPU
		{3AD1A3ED-ED11-479D-BE32-6589D98A9ADC}.Release|Any CPU.Build.0 = Release|Any CPU
		{8A42A864-A69E-40F7-975E-F2FA36E7DFEE}.Debug|Any CPU.ActiveCfg = Debug|Any CPU
		{8A42A864-A69E-40F7-975E-F2FA36E7DFEE}.Debug|Any CPU.Build.0 = Debug|Any CPU
		{8A42A864-A69E-40F7-975E-F2FA36E7DFEE}.Release|Any CPU.ActiveCfg = Release|Any CPU
		{8A42A864-A69E-40F7-975E-F2FA36E7DFEE}.Release|Any CPU.Build.0 = Release|Any CPU
		{11EA630B-4600-4236-A117-CE6C6CD67586}.Debug|Any CPU.ActiveCfg = Debug|Any CPU
		{11EA630B-4600-4236-A117-CE6C6CD67586}.Debug|Any CPU.Build.0 = Debug|Any CPU
		{11EA630B-4600-4236-A117-CE6C6CD67586}.Release|Any CPU.ActiveCfg = Release|Any CPU
		{11EA630B-4600-4236-A117-CE6C6CD67586}.Release|Any CPU.Build.0 = Release|Any CPU
		{C4A288D5-0FAA-4F43-9072-B97635D7871D}.Debug|Any CPU.ActiveCfg = Debug|Any CPU
		{C4A288D5-0FAA-4F43-9072-B97635D7871D}.Debug|Any CPU.Build.0 = Debug|Any CPU
		{C4A288D5-0FAA-4F43-9072-B97635D7871D}.Release|Any CPU.ActiveCfg = Release|Any CPU
		{C4A288D5-0FAA-4F43-9072-B97635D7871D}.Release|Any CPU.Build.0 = Release|Any CPU
		{48EFC3A6-BDC0-4D05-819A-B1FB927FA4C8}.Debug|Any CPU.ActiveCfg = Debug|Any CPU
		{48EFC3A6-BDC0-4D05-819A-B1FB927FA4C8}.Debug|Any CPU.Build.0 = Debug|Any CPU
		{48EFC3A6-BDC0-4D05-819A-B1FB927FA4C8}.Release|Any CPU.ActiveCfg = Release|Any CPU
		{48EFC3A6-BDC0-4D05-819A-B1FB927FA4C8}.Release|Any CPU.Build.0 = Release|Any CPU
		{8F389A91-F26C-4868-859C-C0A58293123C}.Debug|Any CPU.ActiveCfg = Debug|Any CPU
		{8F389A91-F26C-4868-859C-C0A58293123C}.Debug|Any CPU.Build.0 = Debug|Any CPU
		{8F389A91-F26C-4868-859C-C0A58293123C}.Release|Any CPU.ActiveCfg = Release|Any CPU
		{8F389A91-F26C-4868-859C-C0A58293123C}.Release|Any CPU.Build.0 = Release|Any CPU
		{074B84A9-A103-4111-AACD-EFEB7900D6D2}.Debug|Any CPU.ActiveCfg = Debug|Any CPU
		{074B84A9-A103-4111-AACD-EFEB7900D6D2}.Debug|Any CPU.Build.0 = Debug|Any CPU
		{074B84A9-A103-4111-AACD-EFEB7900D6D2}.Release|Any CPU.ActiveCfg = Release|Any CPU
		{074B84A9-A103-4111-AACD-EFEB7900D6D2}.Release|Any CPU.Build.0 = Release|Any CPU
		{D3EED75B-DAC6-4939-922D-7AD10EF57B24}.Debug|Any CPU.ActiveCfg = Debug|Any CPU
		{D3EED75B-DAC6-4939-922D-7AD10EF57B24}.Debug|Any CPU.Build.0 = Debug|Any CPU
		{D3EED75B-DAC6-4939-922D-7AD10EF57B24}.Release|Any CPU.ActiveCfg = Release|Any CPU
		{D3EED75B-DAC6-4939-922D-7AD10EF57B24}.Release|Any CPU.Build.0 = Release|Any CPU
		{E593D360-1DA0-4559-8A22-AD2A3B4D3E77}.Debug|Any CPU.ActiveCfg = Debug|Any CPU
		{E593D360-1DA0-4559-8A22-AD2A3B4D3E77}.Debug|Any CPU.Build.0 = Debug|Any CPU
		{E593D360-1DA0-4559-8A22-AD2A3B4D3E77}.Release|Any CPU.ActiveCfg = Release|Any CPU
		{E593D360-1DA0-4559-8A22-AD2A3B4D3E77}.Release|Any CPU.Build.0 = Release|Any CPU
		{8E7BAFE6-C5B7-4766-9B8F-D02FE892E5D6}.Debug|Any CPU.ActiveCfg = Debug|Any CPU
		{8E7BAFE6-C5B7-4766-9B8F-D02FE892E5D6}.Debug|Any CPU.Build.0 = Debug|Any CPU
		{8E7BAFE6-C5B7-4766-9B8F-D02FE892E5D6}.Release|Any CPU.ActiveCfg = Release|Any CPU
		{8E7BAFE6-C5B7-4766-9B8F-D02FE892E5D6}.Release|Any CPU.Build.0 = Release|Any CPU
		{2C6E7C4E-937F-4E25-92E6-E6FEB1D4B82C}.Debug|Any CPU.ActiveCfg = Debug|Any CPU
		{2C6E7C4E-937F-4E25-92E6-E6FEB1D4B82C}.Debug|Any CPU.Build.0 = Debug|Any CPU
		{2C6E7C4E-937F-4E25-92E6-E6FEB1D4B82C}.Release|Any CPU.ActiveCfg = Release|Any CPU
		{2C6E7C4E-937F-4E25-92E6-E6FEB1D4B82C}.Release|Any CPU.Build.0 = Release|Any CPU
		{E606B279-7FAC-4992-8949-047DFF700D0A}.Debug|Any CPU.ActiveCfg = Debug|Any CPU
		{E606B279-7FAC-4992-8949-047DFF700D0A}.Debug|Any CPU.Build.0 = Debug|Any CPU
		{E606B279-7FAC-4992-8949-047DFF700D0A}.Release|Any CPU.ActiveCfg = Release|Any CPU
		{E606B279-7FAC-4992-8949-047DFF700D0A}.Release|Any CPU.Build.0 = Release|Any CPU
		{6E02D24E-FD76-44FD-B098-EC943EF268DA}.Debug|Any CPU.ActiveCfg = Debug|Any CPU
		{6E02D24E-FD76-44FD-B098-EC943EF268DA}.Debug|Any CPU.Build.0 = Debug|Any CPU
		{6E02D24E-FD76-44FD-B098-EC943EF268DA}.Release|Any CPU.ActiveCfg = Release|Any CPU
		{6E02D24E-FD76-44FD-B098-EC943EF268DA}.Release|Any CPU.Build.0 = Release|Any CPU
		{9B2E0C16-4A5A-4565-BACD-A4FE7B857D8E}.Debug|Any CPU.ActiveCfg = Debug|Any CPU
		{9B2E0C16-4A5A-4565-BACD-A4FE7B857D8E}.Debug|Any CPU.Build.0 = Debug|Any CPU
		{9B2E0C16-4A5A-4565-BACD-A4FE7B857D8E}.Release|Any CPU.ActiveCfg = Release|Any CPU
		{9B2E0C16-4A5A-4565-BACD-A4FE7B857D8E}.Release|Any CPU.Build.0 = Release|Any CPU
		{75DB4B4C-2EA6-4561-A6BD-9BF95A92AF76}.Debug|Any CPU.ActiveCfg = Debug|Any CPU
		{75DB4B4C-2EA6-4561-A6BD-9BF95A92AF76}.Debug|Any CPU.Build.0 = Debug|Any CPU
		{75DB4B4C-2EA6-4561-A6BD-9BF95A92AF76}.Release|Any CPU.ActiveCfg = Release|Any CPU
		{75DB4B4C-2EA6-4561-A6BD-9BF95A92AF76}.Release|Any CPU.Build.0 = Release|Any CPU
		{5A34CEC6-5E5C-4B18-8593-7B2B0C4621EB}.Debug|Any CPU.ActiveCfg = Debug|Any CPU
		{5A34CEC6-5E5C-4B18-8593-7B2B0C4621EB}.Debug|Any CPU.Build.0 = Debug|Any CPU
		{5A34CEC6-5E5C-4B18-8593-7B2B0C4621EB}.Release|Any CPU.ActiveCfg = Release|Any CPU
		{5A34CEC6-5E5C-4B18-8593-7B2B0C4621EB}.Release|Any CPU.Build.0 = Release|Any CPU
		{D3F9C5E1-E1AA-4076-B4FE-6C5329FF0A49}.Debug|Any CPU.ActiveCfg = Debug|Any CPU
		{D3F9C5E1-E1AA-4076-B4FE-6C5329FF0A49}.Debug|Any CPU.Build.0 = Debug|Any CPU
		{D3F9C5E1-E1AA-4076-B4FE-6C5329FF0A49}.Release|Any CPU.ActiveCfg = Release|Any CPU
		{D3F9C5E1-E1AA-4076-B4FE-6C5329FF0A49}.Release|Any CPU.Build.0 = Release|Any CPU
	EndGlobalSection
	GlobalSection(SolutionProperties) = preSolution
		HideSolutionNode = FALSE
	EndGlobalSection
	GlobalSection(NestedProjects) = preSolution
		{C4A288D5-0FAA-4F43-9072-B97635D7871D} = {76F70D22-8D53-468E-A3B6-1704666A1D71}
		{48EFC3A6-BDC0-4D05-819A-B1FB927FA4C8} = {76F70D22-8D53-468E-A3B6-1704666A1D71}
		{8F389A91-F26C-4868-859C-C0A58293123C} = {76F70D22-8D53-468E-A3B6-1704666A1D71}
		{074B84A9-A103-4111-AACD-EFEB7900D6D2} = {76F70D22-8D53-468E-A3B6-1704666A1D71}
		{D3EED75B-DAC6-4939-922D-7AD10EF57B24} = {76F70D22-8D53-468E-A3B6-1704666A1D71}
		{E593D360-1DA0-4559-8A22-AD2A3B4D3E77} = {76F70D22-8D53-468E-A3B6-1704666A1D71}
		{8E7BAFE6-C5B7-4766-9B8F-D02FE892E5D6} = {76F70D22-8D53-468E-A3B6-1704666A1D71}
		{2C6E7C4E-937F-4E25-92E6-E6FEB1D4B82C} = {76F70D22-8D53-468E-A3B6-1704666A1D71}
		{E606B279-7FAC-4992-8949-047DFF700D0A} = {90F9ED4A-DB53-4B26-AC5C-A55E78918499}
		{6E02D24E-FD76-44FD-B098-EC943EF268DA} = {90F9ED4A-DB53-4B26-AC5C-A55E78918499}
		{9B2E0C16-4A5A-4565-BACD-A4FE7B857D8E} = {90F9ED4A-DB53-4B26-AC5C-A55E78918499}
		{75DB4B4C-2EA6-4561-A6BD-9BF95A92AF76} = {90F9ED4A-DB53-4B26-AC5C-A55E78918499}
		{5A34CEC6-5E5C-4B18-8593-7B2B0C4621EB} = {79483F31-6F41-4401-911A-4729086C71C3}
		{D3F9C5E1-E1AA-4076-B4FE-6C5329FF0A49} = {79483F31-6F41-4401-911A-4729086C71C3}
	EndGlobalSection
	GlobalSection(ExtensibilityGlobals) = postSolution
		SolutionGuid = {5CD801D7-984A-4F5C-8FA2-211B7A5EA9F3}
	EndGlobalSection
EndGlobal
